
Microsoft Visual Studio Solution File, Format Version 12.00
# Visual Studio Version 17
VisualStudioVersion = 17.12.35521.163
MinimumVisualStudioVersion = 10.0.40219.1
Project("{FAE04EC0-301F-11D3-BF4B-00C04F79EFBC}") = "AdventOfCode", "AdventOfCode\AdventOfCode.csproj", "{8E8CBA27-2AF2-4BB7-BB32-F69116680B80}"
EndProject
Project("{FAE04EC0-301F-11D3-BF4B-00C04F79EFBC}") = "AdventOfCode.Core", "AdventOfCode.Core\AdventOfCode.Core.csproj", "{DD652625-E436-46EA-B958-153BFE4424E4}"
EndProject
Project("{C7167F0D-BC9F-4E6E-AFE1-012C56B48DB5}") = "AdventOfCode.WinUI (Package)", "AdventOfCode.WinUI\AdventOfCode.WinUI (Package)\AdventOfCode.WinUI (Package).wapproj", "{36C40795-77D8-4556-B80D-640A30044A22}"
EndProject
Project("{FAE04EC0-301F-11D3-BF4B-00C04F79EFBC}") = "AdventOfCode.WinUI", "AdventOfCode.WinUI\AdventOfCode.WinUI\AdventOfCode.WinUI.csproj", "{57376454-2741-429D-ABDF-1FABA364CF88}"
EndProject
Project("{FAE04EC0-301F-11D3-BF4B-00C04F79EFBC}") = "AdventOfCode.Riddles", "AdventOfCode.Riddles\AdventOfCode.Riddles.csproj", "{C9F51DAB-3DE5-4B03-B45C-255DA366B9BC}"
EndProject
Global
	GlobalSection(SolutionConfigurationPlatforms) = preSolution
		Debug|Any CPU = Debug|Any CPU
		Debug|ARM64 = Debug|ARM64
		Debug|x64 = Debug|x64
		Debug|x86 = Debug|x86
		Release|Any CPU = Release|Any CPU
		Release|ARM64 = Release|ARM64
		Release|x64 = Release|x64
		Release|x86 = Release|x86
	EndGlobalSection
	GlobalSection(ProjectConfigurationPlatforms) = postSolution
		{8E8CBA27-2AF2-4BB7-BB32-F69116680B80}.Debug|Any CPU.ActiveCfg = Debug|Any CPU
		{8E8CBA27-2AF2-4BB7-BB32-F69116680B80}.Debug|Any CPU.Build.0 = Debug|Any CPU
		{8E8CBA27-2AF2-4BB7-BB32-F69116680B80}.Debug|ARM64.ActiveCfg = Debug|Any CPU
		{8E8CBA27-2AF2-4BB7-BB32-F69116680B80}.Debug|ARM64.Build.0 = Debug|Any CPU
		{8E8CBA27-2AF2-4BB7-BB32-F69116680B80}.Debug|x64.ActiveCfg = Debug|Any CPU
		{8E8CBA27-2AF2-4BB7-BB32-F69116680B80}.Debug|x64.Build.0 = Debug|Any CPU
		{8E8CBA27-2AF2-4BB7-BB32-F69116680B80}.Debug|x86.ActiveCfg = Debug|Any CPU
		{8E8CBA27-2AF2-4BB7-BB32-F69116680B80}.Debug|x86.Build.0 = Debug|Any CPU
		{8E8CBA27-2AF2-4BB7-BB32-F69116680B80}.Release|Any CPU.ActiveCfg = Release|Any CPU
		{8E8CBA27-2AF2-4BB7-BB32-F69116680B80}.Release|Any CPU.Build.0 = Release|Any CPU
		{8E8CBA27-2AF2-4BB7-BB32-F69116680B80}.Release|ARM64.ActiveCfg = Release|Any CPU
		{8E8CBA27-2AF2-4BB7-BB32-F69116680B80}.Release|ARM64.Build.0 = Release|Any CPU
		{8E8CBA27-2AF2-4BB7-BB32-F69116680B80}.Release|x64.ActiveCfg = Release|Any CPU
		{8E8CBA27-2AF2-4BB7-BB32-F69116680B80}.Release|x64.Build.0 = Release|Any CPU
		{8E8CBA27-2AF2-4BB7-BB32-F69116680B80}.Release|x86.ActiveCfg = Release|Any CPU
		{8E8CBA27-2AF2-4BB7-BB32-F69116680B80}.Release|x86.Build.0 = Release|Any CPU
		{DD652625-E436-46EA-B958-153BFE4424E4}.Debug|Any CPU.ActiveCfg = Debug|Any CPU
		{DD652625-E436-46EA-B958-153BFE4424E4}.Debug|Any CPU.Build.0 = Debug|Any CPU
		{DD652625-E436-46EA-B958-153BFE4424E4}.Debug|ARM64.ActiveCfg = Debug|Any CPU
		{DD652625-E436-46EA-B958-153BFE4424E4}.Debug|ARM64.Build.0 = Debug|Any CPU
		{DD652625-E436-46EA-B958-153BFE4424E4}.Debug|x64.ActiveCfg = Debug|Any CPU
		{DD652625-E436-46EA-B958-153BFE4424E4}.Debug|x64.Build.0 = Debug|Any CPU
		{DD652625-E436-46EA-B958-153BFE4424E4}.Debug|x86.ActiveCfg = Debug|Any CPU
		{DD652625-E436-46EA-B958-153BFE4424E4}.Debug|x86.Build.0 = Debug|Any CPU
		{DD652625-E436-46EA-B958-153BFE4424E4}.Release|Any CPU.ActiveCfg = Release|Any CPU
		{DD652625-E436-46EA-B958-153BFE4424E4}.Release|Any CPU.Build.0 = Release|Any CPU
		{DD652625-E436-46EA-B958-153BFE4424E4}.Release|ARM64.ActiveCfg = Release|Any CPU
		{DD652625-E436-46EA-B958-153BFE4424E4}.Release|ARM64.Build.0 = Release|Any CPU
		{DD652625-E436-46EA-B958-153BFE4424E4}.Release|x64.ActiveCfg = Release|Any CPU
		{DD652625-E436-46EA-B958-153BFE4424E4}.Release|x64.Build.0 = Release|Any CPU
		{DD652625-E436-46EA-B958-153BFE4424E4}.Release|x86.ActiveCfg = Release|Any CPU
		{DD652625-E436-46EA-B958-153BFE4424E4}.Release|x86.Build.0 = Release|Any CPU
		{36C40795-77D8-4556-B80D-640A30044A22}.Debug|Any CPU.ActiveCfg = Debug|x64
		{36C40795-77D8-4556-B80D-640A30044A22}.Debug|Any CPU.Build.0 = Debug|x64
		{36C40795-77D8-4556-B80D-640A30044A22}.Debug|Any CPU.Deploy.0 = Debug|x64
		{36C40795-77D8-4556-B80D-640A30044A22}.Debug|ARM64.ActiveCfg = Debug|ARM64
		{36C40795-77D8-4556-B80D-640A30044A22}.Debug|ARM64.Build.0 = Debug|ARM64
		{36C40795-77D8-4556-B80D-640A30044A22}.Debug|ARM64.Deploy.0 = Debug|ARM64
		{36C40795-77D8-4556-B80D-640A30044A22}.Debug|x64.ActiveCfg = Debug|x64
		{36C40795-77D8-4556-B80D-640A30044A22}.Debug|x64.Build.0 = Debug|x64
		{36C40795-77D8-4556-B80D-640A30044A22}.Debug|x64.Deploy.0 = Debug|x64
		{36C40795-77D8-4556-B80D-640A30044A22}.Debug|x86.ActiveCfg = Debug|x86
		{36C40795-77D8-4556-B80D-640A30044A22}.Debug|x86.Build.0 = Debug|x86
		{36C40795-77D8-4556-B80D-640A30044A22}.Debug|x86.Deploy.0 = Debug|x86
		{36C40795-77D8-4556-B80D-640A30044A22}.Release|Any CPU.ActiveCfg = Release|x64
		{36C40795-77D8-4556-B80D-640A30044A22}.Release|Any CPU.Build.0 = Release|x64
		{36C40795-77D8-4556-B80D-640A30044A22}.Release|Any CPU.Deploy.0 = Release|x64
		{36C40795-77D8-4556-B80D-640A30044A22}.Release|ARM64.ActiveCfg = Release|ARM64
		{36C40795-77D8-4556-B80D-640A30044A22}.Release|ARM64.Build.0 = Release|ARM64
		{36C40795-77D8-4556-B80D-640A30044A22}.Release|ARM64.Deploy.0 = Release|ARM64
		{36C40795-77D8-4556-B80D-640A30044A22}.Release|x64.ActiveCfg = Release|x64
		{36C40795-77D8-4556-B80D-640A30044A22}.Release|x64.Build.0 = Release|x64
		{36C40795-77D8-4556-B80D-640A30044A22}.Release|x64.Deploy.0 = Release|x64
		{36C40795-77D8-4556-B80D-640A30044A22}.Release|x86.ActiveCfg = Release|x86
		{36C40795-77D8-4556-B80D-640A30044A22}.Release|x86.Build.0 = Release|x86
		{36C40795-77D8-4556-B80D-640A30044A22}.Release|x86.Deploy.0 = Release|x86
		{57376454-2741-429D-ABDF-1FABA364CF88}.Debug|Any CPU.ActiveCfg = Debug|x64
		{57376454-2741-429D-ABDF-1FABA364CF88}.Debug|Any CPU.Build.0 = Debug|x64
		{57376454-2741-429D-ABDF-1FABA364CF88}.Debug|ARM64.ActiveCfg = Debug|ARM64
		{57376454-2741-429D-ABDF-1FABA364CF88}.Debug|ARM64.Build.0 = Debug|ARM64
		{57376454-2741-429D-ABDF-1FABA364CF88}.Debug|x64.ActiveCfg = Debug|x64
		{57376454-2741-429D-ABDF-1FABA364CF88}.Debug|x64.Build.0 = Debug|x64
		{57376454-2741-429D-ABDF-1FABA364CF88}.Debug|x86.ActiveCfg = Debug|x86
		{57376454-2741-429D-ABDF-1FABA364CF88}.Debug|x86.Build.0 = Debug|x86
		{57376454-2741-429D-ABDF-1FABA364CF88}.Release|Any CPU.ActiveCfg = Release|x64
		{57376454-2741-429D-ABDF-1FABA364CF88}.Release|Any CPU.Build.0 = Release|x64
		{57376454-2741-429D-ABDF-1FABA364CF88}.Release|ARM64.ActiveCfg = Release|ARM64
		{57376454-2741-429D-ABDF-1FABA364CF88}.Release|ARM64.Build.0 = Release|ARM64
		{57376454-2741-429D-ABDF-1FABA364CF88}.Release|x64.ActiveCfg = Release|x64
		{57376454-2741-429D-ABDF-1FABA364CF88}.Release|x64.Build.0 = Release|x64
		{57376454-2741-429D-ABDF-1FABA364CF88}.Release|x86.ActiveCfg = Release|x86
		{57376454-2741-429D-ABDF-1FABA364CF88}.Release|x86.Build.0 = Release|x86
		{C9F51DAB-3DE5-4B03-B45C-255DA366B9BC}.Debug|Any CPU.ActiveCfg = Debug|Any CPU
		{C9F51DAB-3DE5-4B03-B45C-255DA366B9BC}.Debug|Any CPU.Build.0 = Debug|Any CPU
		{C9F51DAB-3DE5-4B03-B45C-255DA366B9BC}.Debug|ARM64.ActiveCfg = Debug|Any CPU
		{C9F51DAB-3DE5-4B03-B45C-255DA366B9BC}.Debug|ARM64.Build.0 = Debug|Any CPU
		{C9F51DAB-3DE5-4B03-B45C-255DA366B9BC}.Debug|x64.ActiveCfg = Debug|Any CPU
		{C9F51DAB-3DE5-4B03-B45C-255DA366B9BC}.Debug|x64.Build.0 = Debug|Any CPU
		{C9F51DAB-3DE5-4B03-B45C-255DA366B9BC}.Debug|x86.ActiveCfg = Debug|Any CPU
		{C9F51DAB-3DE5-4B03-B45C-255DA366B9BC}.Debug|x86.Build.0 = Debug|Any CPU
		{C9F51DAB-3DE5-4B03-B45C-255DA366B9BC}.Release|Any CPU.ActiveCfg = Release|Any CPU
		{C9F51DAB-3DE5-4B03-B45C-255DA366B9BC}.Release|Any CPU.Build.0 = Release|Any CPU
		{C9F51DAB-3DE5-4B03-B45C-255DA366B9BC}.Release|ARM64.ActiveCfg = Release|Any CPU
		{C9F51DAB-3DE5-4B03-B45C-255DA366B9BC}.Release|ARM64.Build.0 = Release|Any CPU
		{C9F51DAB-3DE5-4B03-B45C-255DA366B9BC}.Release|x64.ActiveCfg = Release|Any CPU
		{C9F51DAB-3DE5-4B03-B45C-255DA366B9BC}.Release|x64.Build.0 = Release|Any CPU
		{C9F51DAB-3DE5-4B03-B45C-255DA366B9BC}.Release|x86.ActiveCfg = Release|Any CPU
		{C9F51DAB-3DE5-4B03-B45C-255DA366B9BC}.Release|x86.Build.0 = Release|Any CPU
	EndGlobalSection
	GlobalSection(SolutionProperties) = preSolution
		HideSolutionNode = FALSE
	EndGlobalSection
EndGlobal
